{
  "nodes": {
    "browser-utils": {
      "inputs": {
        "nixpkgs": [
          "nixpkgs"
        ]
      },
      "locked": {
        "lastModified": 1783584829,
        "narHash": "sha256-MrZgSSZcBx9iVtB0TOUiaVHcSryMAj0YqYHWpH5/HJw=",
        "owner": "Forist2034",
        "repo": "browser-utils",
        "rev": "2e1e71820ef58bd3512fcd833eedd2390aa30597",
        "type": "github"
      },
      "original": {
        "owner": "Forist2034",
        "repo": "browser-utils",
        "type": "github"
      }
    },
    "flake-parts": {
      "inputs": {
        "nixpkgs-lib": [
          "nixvim",
          "nixpkgs"
        ]
      },
      "locked": {
        "lastModified": 1788450739,
        "narHash": "sha256-glZLQlzIn1fXH6PazR2iUmTo7kzzyYSshrWhLS9TqCU=",
        "owner": "hercules-ci",
        "repo": "flake-parts",
        "rev": "31729ca8cbdb4fa927b34e5f4353e6a83f39e993",
        "type": "github"
      },
      "original": {
        "owner": "hercules-ci",
        "repo": "flake-parts",
        "type": "github"
      }
    },
    "home-manager": {
      "inputs": {
        "nixpkgs": [
          "nixpkgs"
        ]
      },
      "locked": {
        "lastModified": 1789267039,
        "narHash": "sha256-LWiBv9yAYFi2LPbUhDGHPGKYskJQjj2fw12OlyO1uQo=",
        "owner": "nix-community",
        "repo": "home-manager",
        "rev": "ec172013fa62135f58fb58dd17ae9651e8f39727",
        "type": "github"
      },
      "original": {
        "owner": "nix-community",
        "ref": "release-26.05",
        "repo": "home-manager",
        "type": "github"
      }
    },
    "home-manager_2": {
      "inputs": {
        "nixpkgs": [
          "impermanence",
          "nixpkgs"
        ]
      },
      "locked": {
        "lastModified": 1768598210,
        "narHash": "sha256-kkgA32s/f4jaa4UG+2f8C225Qvclxnqs76mf8zvTVPg=",
        "owner": "nix-community",
        "repo": "home-manager",
        "rev": "c47b2cc64a629f8e075de52e4742de688f930dc6",
        "type": "github"
      },
      "original": {
        "owner": "nix-community",
        "repo": "home-manager",
        "type": "github"
      }
    },
    "http-capture": {
      "flake": false,
      "locked": {
        "lastModified": 1755157372,
        "narHash": "sha256-ekwhGHW9lHg+6aiNq0EGmkUBi+zfvmcKP9I1rRGVL+Q=",
        "owner": "Forist2034",
        "repo": "http-capture",
        "rev": "857375e67b73eda5a31700a2656e387d62b9a0b9",
        "type": "github"
      },
      "original": {
        "owner": "Forist2034",
        "repo": "http-capture",
        "type": "github"
      }
    },
    "impermanence": {
      "inputs": {
        "home-manager": "home-manager_2",
        "nixpkgs": "nixpkgs"
      },
      "locked": {
        "lastModified": 1769548169,
        "narHash": "sha256-03+JxvzmfwRu+5JafM0DLbxgHttOQZkUtDWBmeUkN8Y=",
        "owner": "nix-community",
        "repo": "impermanence",
        "rev": "7b1d382faf603b6d264f58627330f9faa5cba149",
        "type": "github"
      },
      "original": {
        "owner": "nix-community",
        "repo": "impermanence",
        "type": "github"
      }
    },
    "microvm": {
      "inputs": {
        "nixpkgs": [
          "nixpkgs"
        ],
        "spectrum": "spectrum"
      },
      "locked": {
        "lastModified": 1789387382,
        "narHash": "sha256-WhBnNmOaxwntBhp/aateJNWlH+y5z2fWFbIH/5gONJY=",
        "owner": "microvm-nix",
        "repo": "microvm.nix",
        "rev": "614e9541186d724438edfd91c3bbc8474dd1b76e",
        "type": "github"
      },
      "original": {
        "owner": "microvm-nix",
        "repo": "microvm.nix",
        "type": "github"
      }
    },
    "nix4vscode": {
      "inputs": {
        "nixpkgs": [
          "nixpkgs"
        ],
        "systems": "systems"
      },
      "locked": {
        "lastModified": 1789446513,
        "narHash": "sha256-/G9guv8+pYmz/aBNQO+qNJFo/aztq4jKWKyWYUgX3i8=",
        "owner": "nix-community",
        "repo": "nix4vscode",
        "rev": "57fb7ae9ef7cfbd009894c91cc954095541da904",
        "type": "github"
      },
      "original": {
        "owner": "nix-community",
        "repo": "nix4vscode",
        "type": "github"
      }
    },
    "nixpkgs": {
      "locked": {
        "lastModified": 1768564909,
        "narHash": "sha256-Kell/SpJYVkHWMvnhqJz/8DqQg2b6PguxVWOuadbHCc=",
        "owner": "nixos",
        "repo": "nixpkgs",
        "rev": "e4bae1bd10c9c57b2cf517953ab70060a828ee6f",
        "type": "github"
      },
      "original": {
        "owner": "nixos",
        "ref": "nixos-unstable",
        "repo": "nixpkgs",
        "type": "github"
      }
    },
    "nixpkgs-unstable": {
      "locked": {
        "lastModified": 1789479380,
        "narHash": "sha256-YWxGrNUtx4yUUkil4jxjOUBo4kpM2ozUqomLyk2xWq4=",
        "owner": "nixos",
        "repo": "nixpkgs",
        "rev": "ab89116ef79e5dc5cb7ea51079ad0819ab64cc20",
        "type": "github"
      },
      "original": {
        "owner": "nixos",
        "repo": "nixpkgs",
        "type": "github"
      }
    },
    "nixpkgs_2": {
      "locked": {
        "lastModified": 1789344334,
        "narHash": "sha256-vdhpDJ3Lr24lkZ+fDCjmBRRtw9/vcSzkqGJOJyF5h2U=",
        "owner": "nixos",
        "repo": "nixpkgs",
        "rev": "c3eea5b2156db11c7eeeada3dc737711255b253e",
        "type": "github"
      },
      "original": {
        "owner": "nixos",
        "ref": "nixos-26.05",
        "repo": "nixpkgs",
        "type": "github"
      }
    },
    "nixvim": {
      "inputs": {
        "flake-parts": "flake-parts",
        "nixpkgs": [
          "nixpkgs"
        ],
        "systems": "systems_2"
      },
      "locked": {
        "lastModified": 1789311332,
        "narHash": "sha256-JNsVNLux4emA7/BeZYzzAKnBaPnkatpaf/Fwf7PQT4E=",
        "owner": "nix-community",
        "repo": "nixvim",
        "rev": "0043fc97e267fee06ac0d858399ff6fac4242a92",
        "type": "github"
      },
      "original": {
        "owner": "nix-community",
        "ref": "nixos-26.05",
        "repo": "nixvim",
        "type": "github"
      }
    },
    "private-config": {
      "locked": {
        "path": "private",
        "type": "path"
      },
      "original": {
        "path": "private",
        "type": "path"
      },
      "parent": []
    },
    "root": {
      "inputs": {
        "browser-utils": "browser-utils",
        "home-manager": "home-manager",
        "http-capture": "http-capture",
        "impermanence": "impermanence",
        "microvm": "microvm",
        "nix4vscode": "nix4vscode",
        "nixpkgs": "nixpkgs_2",
        "nixpkgs-unstable": "nixpkgs-unstable",
        "nixvim": "nixvim",
        "private-config": "private-config",
        "task-util": "task-util"
      }
    },
    "spectrum": {
      "flake": false,
      "locked": {
        "lastModified": 1786032750,
        "narHash": "sha256-+Ba/kIn5BjvV7PN8bWOo7RoqgTY/Yv2M7qeMf3wS2Ag=",
        "ref": "refs/heads/main",
        "rev": "77d2389874bb092b8dbf05ecc5b1030372e80e98",
        "revCount": 1417,
        "type": "git",
        "url": "https://spectrum-os.org/git/spectrum"
      },
      "original": {
        "type": "git",
        "url": "https://spectrum-os.org/git/spectrum"
      }
    },
    "systems": {
      "flake": false,
      "locked": {
        "lastModified": 1681028828,
        "narHash": "sha256-Vy1rq5AaRuLzOxct8nz4T6wlgyUR7zLU309k9mBC768=",
        "owner": "nix-systems",
        "repo": "default",
        "rev": "da67096a3b9bf56a91d16901293e51ba5b49a27e",
        "type": "github"
      },
      "original": {
        "owner": "nix-systems",
        "repo": "default",
        "type": "github"
      }
    },
    "systems_2": {
      "locked": {
        "lastModified": 1681028828,
        "narHash": "sha256-Vy1rq5AaRuLzOxct8nz4T6wlgyUR7zLU309k9mBC768=",
        "owner": "nix-systems",
        "repo": "default",
        "rev": "da67096a3b9bf56a91d16901293e51ba5b49a27e",
        "type": "github"
      },
      "original": {
        "owner": "nix-systems",
        "repo": "default",
        "type": "github"
      }
    },
    "task-util": {
      "inputs": {
        "nixpkgs": [
          "nixpkgs"
        ]
      },
      "locked": {
        "lastModified": 1783494382,
        "narHash": "sha256-ShMPF+L79n/fjX0IIF6doT7amU1J+nZ6G51H0UJDWTU=",
        "owner": "Forist2034",
        "repo": "task-util",
        "rev": "a4d1fc5129ac586c130f4fba1c7742bac57ea3af",
        "type": "github"
      },
      "original": {
        "owner": "Forist2034",
        "repo": "task-util",
        "type": "github"
      }
    }
  },
  "root": "root",
  "version": 7
}
